
Microsoft Visual Studio Solution File, Format Version 12.00
# Visual Studio Version 17
VisualStudioVersion = 17.14.36429.23
MinimumVisualStudioVersion = 10.0.40219.1
Project("{FAE04EC0-301F-11D3-BF4B-00C04F79EFBC}") = "StrategyPattern", "StrategyPattern\StrategyPattern.csproj", "{FD1B5E82-87CA-4043-911C-C0C37E997B4A}"
EndProject
Project("{FAE04EC0-301F-11D3-BF4B-00C04F79EFBC}") = "ObserverPattern", "ObserverPattern\ObserverPattern.csproj", "{8C8A2292-810B-4AD6-AEC2-59E184BDDE4B}"
EndProject
Project("{FAE04EC0-301F-11D3-BF4B-00C04F79EFBC}") = "DecoratorPattern", "DecoratorPattern\DecoratorPattern.csproj", "{24C2AC77-B4FC-45C0-B48D-03175447CE89}"
EndProject
Project("{FAE04EC0-301F-11D3-BF4B-00C04F79EFBC}") = "FactoryPattern", "FactoryPattern\FactoryPattern.csproj", "{50677251-D5AA-4D3B-A5B5-F2D45678592E}"
EndProject
Project("{FAE04EC0-301F-11D3-BF4B-00C04F79EFBC}") = "SingletonPattern", "SingletonPattern\SingletonPattern.csproj", "{705AD015-554D-46DC-BA1A-08BA7D40E909}"
EndProject
Project("{FAE04EC0-301F-11D3-BF4B-00C04F79EFBC}") = "AdapterPattern", "AdapterPattern\AdapterPattern.csproj", "{68D3E6F7-8104-8C96-881B-9B14714032AB}"
EndProject
Project("{FAE04EC0-301F-11D3-BF4B-00C04F79EFBC}") = "FacadePattern", "FacadePattern\FacadePattern.csproj", "{985E61F0-319F-4170-BF1A-217BB4E2CE11}"
EndProject
Project("{FAE04EC0-301F-11D3-BF4B-00C04F79EFBC}") = "CommandPattern", "CommandPattern\CommandPattern.csproj", "{B187815D-521A-4ED9-AB9F-B7DCE0F6D998}"
EndProject
Global
	GlobalSection(SolutionConfigurationPlatforms) = preSolution
		Debug|Any CPU = Debug|Any CPU
		Release|Any CPU = Release|Any CPU
	EndGlobalSection
	GlobalSection(ProjectConfigurationPlatforms) = postSolution
		{FD1B5E82-87CA-4043-911C-C0C37E997B4A}.Debug|Any CPU.ActiveCfg = Debug|Any CPU
		{FD1B5E82-87CA-4043-911C-C0C37E997B4A}.Debug|Any CPU.Build.0 = Debug|Any CPU
		{FD1B5E82-87CA-4043-911C-C0C37E997B4A}.Release|Any CPU.ActiveCfg = Release|Any CPU
		{FD1B5E82-87CA-4043-911C-C0C37E997B4A}.Release|Any CPU.Build.0 = Release|Any CPU
		{8C8A2292-810B-4AD6-AEC2-59E184BDDE4B}.Debug|Any CPU.ActiveCfg = Debug|Any CPU
		{8C8A2292-810B-4AD6-AEC2-59E184BDDE4B}.Debug|Any CPU.Build.0 = Debug|Any CPU
		{8C8A2292-810B-4AD6-AEC2-59E184BDDE4B}.Release|Any CPU.ActiveCfg = Release|Any CPU
		{8C8A2292-810B-4AD6-AEC2-59E184BDDE4B}.Release|Any CPU.Build.0 = Release|Any CPU
		{24C2AC77-B4FC-45C0-B48D-03175447CE89}.Debug|Any CPU.ActiveCfg = Debug|Any CPU
		{24C2AC77-B4FC-45C0-B48D-03175447CE89}.Debug|Any CPU.Build.0 = Debug|Any CPU
		{24C2AC77-B4FC-45C0-B48D-03175447CE89}.Release|Any CPU.ActiveCfg = Release|Any CPU
		{24C2AC77-B4FC-45C0-B48D-03175447CE89}.Release|Any CPU.Build.0 = Release|Any CPU
		{50677251-D5AA-4D3B-A5B5-F2D45678592E}.Debug|Any CPU.ActiveCfg = Debug|Any CPU
		{50677251-D5AA-4D3B-A5B5-F2D45678592E}.Debug|Any CPU.Build.0 = Debug|Any CPU
		{50677251-D5AA-4D3B-A5B5-F2D45678592E}.Release|Any CPU.ActiveCfg = Release|Any CPU
		{50677251-D5AA-4D3B-A5B5-F2D45678592E}.Release|Any CPU.Build.0 = Release|Any CPU
		{705AD015-554D-46DC-BA1A-08BA7D40E909}.Debug|Any CPU.ActiveCfg = Debug|Any CPU
		{705AD015-554D-46DC-BA1A-08BA7D40E909}.Debug|Any CPU.Build.0 = Debug|Any CPU
		{705AD015-554D-46DC-BA1A-08BA7D40E909}.Release|Any CPU.ActiveCfg = Release|Any CPU
		{705AD015-554D-46DC-BA1A-08BA7D40E909}.Release|Any CPU.Build.0 = Release|Any CPU
		{68D3E6F7-8104-8C96-881B-9B14714032AB}.Debug|Any CPU.ActiveCfg = Debug|Any CPU
		{68D3E6F7-8104-8C96-881B-9B14714032AB}.Debug|Any CPU.Build.0 = Debug|Any CPU
		{68D3E6F7-8104-8C96-881B-9B14714032AB}.Release|Any CPU.ActiveCfg = Release|Any CPU
		{68D3E6F7-8104-8C96-881B-9B14714032AB}.Release|Any CPU.Build.0 = Release|Any CPU
		{985E61F0-319F-4170-BF1A-217BB4E2CE11}.Debug|Any CPU.ActiveCfg = Debug|Any CPU
		{985E61F0-319F-4170-BF1A-217BB4E2CE11}.Debug|Any CPU.Build.0 = Debug|Any CPU
		{985E61F0-319F-4170-BF1A-217BB4E2CE11}.Release|Any CPU.ActiveCfg = Release|Any CPU
		{985E61F0-319F-4170-BF1A-217BB4E2CE11}.Release|Any CPU.Build.0 = Release|Any CPU
		{B187815D-521A-4ED9-AB9F-B7DCE0F6D998}.Debug|Any CPU.ActiveCfg = Debug|Any CPU
		{B187815D-521A-4ED9-AB9F-B7DCE0F6D998}.Debug|Any CPU.Build.0 = Debug|Any CPU
		{B187815D-521A-4ED9-AB9F-B7DCE0F6D998}.Release|Any CPU.ActiveCfg = Release|Any CPU
		{B187815D-521A-4ED9-AB9F-B7DCE0F6D998}.Release|Any CPU.Build.0 = Release|Any CPU
	EndGlobalSection
	GlobalSection(SolutionProperties) = preSolution
		HideSolutionNode = FALSE
	EndGlobalSection
	GlobalSection(ExtensibilityGlobals) = postSolution
		SolutionGuid = {FE2E6BBB-5613-48B3-B6F6-5D2BA8DC37E1}
	EndGlobalSection
EndGlobal
